
Microsoft Visual Studio Solution File, Format Version 12.00
# Visual Studio 2013
VisualStudioVersion = 12.0.31101.0
MinimumVisualStudioVersion = 10.0.40219.1
Project("{FAE04EC0-301F-11D3-BF4B-00C04F79EFBC}") = "Shepherd.Core", "Shepherd.Core\Shepherd.Core.csproj", "{E2118038-9107-446C-97C9-F12C1A7E712D}"
EndProject
Project("{FAE04EC0-301F-11D3-BF4B-00C04F79EFBC}") = "Shepherd.Data", "Shepherd.Data\Shepherd.Data.csproj", "{75C43176-BD06-4A87-A40D-80B891DA33B5}"
EndProject
Project("{00D1A9C2-B5F0-4AF3-8072-F6C62B433612}") = "Shepherd.Database", "Shepherd.Database\Shepherd.Database.sqlproj", "{424588B0-F30B-4C97-A0F3-89FBE65C6F87}"
EndProject
Project("{FAE04EC0-301F-11D3-BF4B-00C04F79EFBC}") = "Shepherd.Web", "Shepherd.Web\Shepherd.Web.csproj", "{6EA4DF75-22F8-498C-BD65-7237C0E2CCDE}"
EndProject
Project("{FAE04EC0-301F-11D3-BF4B-00C04F79EFBC}") = "Shepherd.Web.Tests", "Shepherd.Web.Tests\Shepherd.Web.Tests.csproj", "{70DF89D3-D1EE-491B-8501-20C7CCE6490A}"
EndProject
Project("{FAE04EC0-301F-11D3-BF4B-00C04F79EFBC}") = "Shepherd.Testing", "Shepherd.Testing\Shepherd.Testing.csproj", "{9969BA6E-91A3-4507-94C5-ED0F9725EA5B}"
EndProject
Project("{FAE04EC0-301F-11D3-BF4B-00C04F79EFBC}") = "Shepherd.Domain", "Shepherd.Domain\Shepherd.Domain.csproj", "{C4C0D4DD-5D62-4BA0-B4A6-7FB5BBF7156C}"
EndProject
Project("{FAE04EC0-301F-11D3-BF4B-00C04F79EFBC}") = "Shepherd.Domain.Tests", "Shepherd.Domain.Tests\Shepherd.Domain.Tests.csproj", "{BBCC0A3F-9190-45C4-BA50-826483318862}"
EndProject
Project("{FAE04EC0-301F-11D3-BF4B-00C04F79EFBC}") = "Shepherd.Core.Tests", "Shepherd.Core.Tests\Shepherd.Core.Tests.csproj", "{A099A1B7-CEBB-41A6-8514-87CD455D7A47}"
EndProject
Project("{FAE04EC0-301F-11D3-BF4B-00C04F79EFBC}") = "Shepherd.Data.Tests", "Shepherd.Data.Tests\Shepherd.Data.Tests.csproj", "{B6A961E7-2D64-43BF-929F-E9768E3D5AA4}"
EndProject
Project("{FAE04EC0-301F-11D3-BF4B-00C04F79EFBC}") = "Shepherd.Entities", "Shepherd.Entities\Shepherd.Entities.csproj", "{E358161B-E0B1-42AD-A2A1-2BECDA696C8C}"
EndProject
Global
	GlobalSection(SolutionConfigurationPlatforms) = preSolution
		Debug|Any CPU = Debug|Any CPU
		Release|Any CPU = Release|Any CPU
	EndGlobalSection
	GlobalSection(ProjectConfigurationPlatforms) = postSolution
		{E2118038-9107-446C-97C9-F12C1A7E712D}.Debug|Any CPU.ActiveCfg = Debug|Any CPU
		{E2118038-9107-446C-97C9-F12C1A7E712D}.Debug|Any CPU.Build.0 = Debug|Any CPU
		{E2118038-9107-446C-97C9-F12C1A7E712D}.Release|Any CPU.ActiveCfg = Release|Any CPU
		{E2118038-9107-446C-97C9-F12C1A7E712D}.Release|Any CPU.Build.0 = Release|Any CPU
		{75C43176-BD06-4A87-A40D-80B891DA33B5}.Debug|Any CPU.ActiveCfg = Debug|Any CPU
		{75C43176-BD06-4A87-A40D-80B891DA33B5}.Debug|Any CPU.Build.0 = Debug|Any CPU
		{75C43176-BD06-4A87-A40D-80B891DA33B5}.Release|Any CPU.ActiveCfg = Release|Any CPU
		{75C43176-BD06-4A87-A40D-80B891DA33B5}.Release|Any CPU.Build.0 = Release|Any CPU
		{424588B0-F30B-4C97-A0F3-89FBE65C6F87}.Debug|Any CPU.ActiveCfg = Debug|Any CPU
		{424588B0-F30B-4C97-A0F3-89FBE65C6F87}.Debug|Any CPU.Build.0 = Debug|Any CPU
		{424588B0-F30B-4C97-A0F3-89FBE65C6F87}.Debug|Any CPU.Deploy.0 = Debug|Any CPU
		{424588B0-F30B-4C97-A0F3-89FBE65C6F87}.Release|Any CPU.ActiveCfg = Release|Any CPU
		{424588B0-F30B-4C97-A0F3-89FBE65C6F87}.Release|Any CPU.Build.0 = Release|Any CPU
		{424588B0-F30B-4C97-A0F3-89FBE65C6F87}.Release|Any CPU.Deploy.0 = Release|Any CPU
		{6EA4DF75-22F8-498C-BD65-7237C0E2CCDE}.Debug|Any CPU.ActiveCfg = Debug|Any CPU
		{6EA4DF75-22F8-498C-BD65-7237C0E2CCDE}.Debug|Any CPU.Build.0 = Debug|Any CPU
		{6EA4DF75-22F8-498C-BD65-7237C0E2CCDE}.Release|Any CPU.ActiveCfg = Release|Any CPU
		{6EA4DF75-22F8-498C-BD65-7237C0E2CCDE}.Release|Any CPU.Build.0 = Release|Any CPU
		{70DF89D3-D1EE-491B-8501-20C7CCE6490A}.Debug|Any CPU.ActiveCfg = Debug|Any CPU
		{70DF89D3-D1EE-491B-8501-20C7CCE6490A}.Debug|Any CPU.Build.0 = Debug|Any CPU
		{70DF89D3-D1EE-491B-8501-20C7CCE6490A}.Release|Any CPU.ActiveCfg = Release|Any CPU
		{70DF89D3-D1EE-491B-8501-20C7CCE6490A}.Release|Any CPU.Build.0 = Release|Any CPU
		{9969BA6E-91A3-4507-94C5-ED0F9725EA5B}.Debug|Any CPU.ActiveCfg = Debug|Any CPU
		{9969BA6E-91A3-4507-94C5-ED0F9725EA5B}.Debug|Any CPU.Build.0 = Debug|Any CPU
		{9969BA6E-91A3-4507-94C5-ED0F9725EA5B}.Release|Any CPU.ActiveCfg = Release|Any CPU
		{9969BA6E-91A3-4507-94C5-ED0F9725EA5B}.Release|Any CPU.Build.0 = Release|Any CPU
		{C4C0D4DD-5D62-4BA0-B4A6-7FB5BBF7156C}.Debug|Any CPU.ActiveCfg = Debug|Any CPU
		{C4C0D4DD-5D62-4BA0-B4A6-7FB5BBF7156C}.Debug|Any CPU.Build.0 = Debug|Any CPU
		{C4C0D4DD-5D62-4BA0-B4A6-7FB5BBF7156C}.Release|Any CPU.ActiveCfg = Release|Any CPU
		{C4C0D4DD-5D62-4BA0-B4A6-7FB5BBF7156C}.Release|Any CPU.Build.0 = Release|Any CPU
		{BBCC0A3F-9190-45C4-BA50-826483318862}.Debug|Any CPU.ActiveCfg = Debug|Any CPU
		{BBCC0A3F-9190-45C4-BA50-826483318862}.Debug|Any CPU.Build.0 = Debug|Any CPU
		{BBCC0A3F-9190-45C4-BA50-826483318862}.Release|Any CPU.ActiveCfg = Release|Any CPU
		{BBCC0A3F-9190-45C4-BA50-826483318862}.Release|Any CPU.Build.0 = Release|Any CPU
		{A099A1B7-CEBB-41A6-8514-87CD455D7A47}.Debug|Any CPU.ActiveCfg = Debug|Any CPU
		{A099A1B7-CEBB-41A6-8514-87CD455D7A47}.Debug|Any CPU.Build.0 = Debug|Any CPU
		{A099A1B7-CEBB-41A6-8514-87CD455D7A47}.Release|Any CPU.ActiveCfg = Release|Any CPU
		{A099A1B7-CEBB-41A6-8514-87CD455D7A47}.Release|Any CPU.Build.0 = Release|Any CPU
		{B6A961E7-2D64-43BF-929F-E9768E3D5AA4}.Debug|Any CPU.ActiveCfg = Debug|Any CPU
		{B6A961E7-2D64-43BF-929F-E9768E3D5AA4}.Debug|Any CPU.Build.0 = Debug|Any CPU
		{B6A961E7-2D64-43BF-929F-E9768E3D5AA4}.Release|Any CPU.ActiveCfg = Release|Any CPU
		{B6A961E7-2D64-43BF-929F-E9768E3D5AA4}.Release|Any CPU.Build.0 = Release|Any CPU
		{E358161B-E0B1-42AD-A2A1-2BECDA696C8C}.Debug|Any CPU.ActiveCfg = Debug|Any CPU
		{E358161B-E0B1-42AD-A2A1-2BECDA696C8C}.Debug|Any CPU.Build.0 = Debug|Any CPU
		{E358161B-E0B1-42AD-A2A1-2BECDA696C8C}.Release|Any CPU.ActiveCfg = Release|Any CPU
		{E358161B-E0B1-42AD-A2A1-2BECDA696C8C}.Release|Any CPU.Build.0 = Release|Any CPU
	EndGlobalSection
	GlobalSection(SolutionProperties) = preSolution
		HideSolutionNode = FALSE
	EndGlobalSection
EndGlobal
