
Microsoft Visual Studio Solution File, Format Version 12.00
# Visual Studio 2013
VisualStudioVersion = 12.0.31101.0
MinimumVisualStudioVersion = 10.0.40219.1
Project("{FAE04EC0-301F-11D3-BF4B-00C04F79EFBC}") = "Shepherd.Model", "Shepherd.Model\Shepherd.Model.csproj", "{F7585682-FD1F-4AFD-8AC1-9AC2506E3F25}"
EndProject
Project("{FAE04EC0-301F-11D3-BF4B-00C04F79EFBC}") = "Shepherd.Core", "Shepherd.Core\Shepherd.Core.csproj", "{E2118038-9107-446C-97C9-F12C1A7E712D}"
EndProject
Project("{FAE04EC0-301F-11D3-BF4B-00C04F79EFBC}") = "Shepherd.Data", "Shepherd.Data\Shepherd.Data.csproj", "{75C43176-BD06-4A87-A40D-80B891DA33B5}"
EndProject
Project("{00D1A9C2-B5F0-4AF3-8072-F6C62B433612}") = "Shepherd.Database", "Shepherd.Database\Shepherd.Database.sqlproj", "{424588B0-F30B-4C97-A0F3-89FBE65C6F87}"
EndProject
Project("{FAE04EC0-301F-11D3-BF4B-00C04F79EFBC}") = "Shepherd.BusinessLogic", "Shepherd.BusinessLogic\Shepherd.BusinessLogic.csproj", "{79E9F7F8-5C9E-4FF9-A463-FC7652375081}"
EndProject
Project("{FAE04EC0-301F-11D3-BF4B-00C04F79EFBC}") = "Shepherd.Web", "Shepherd.Web\Shepherd.Web.csproj", "{6EA4DF75-22F8-498C-BD65-7237C0E2CCDE}"
EndProject
Project("{FAE04EC0-301F-11D3-BF4B-00C04F79EFBC}") = "Shepherd.Web.Tests", "Shepherd.Web.Tests\Shepherd.Web.Tests.csproj", "{70DF89D3-D1EE-491B-8501-20C7CCE6490A}"
EndProject
Global
	GlobalSection(SolutionConfigurationPlatforms) = preSolution
		Debug|Any CPU = Debug|Any CPU
		Release|Any CPU = Release|Any CPU
	EndGlobalSection
	GlobalSection(ProjectConfigurationPlatforms) = postSolution
		{F7585682-FD1F-4AFD-8AC1-9AC2506E3F25}.Debug|Any CPU.ActiveCfg = Debug|Any CPU
		{F7585682-FD1F-4AFD-8AC1-9AC2506E3F25}.Debug|Any CPU.Build.0 = Debug|Any CPU
		{F7585682-FD1F-4AFD-8AC1-9AC2506E3F25}.Release|Any CPU.ActiveCfg = Release|Any CPU
		{F7585682-FD1F-4AFD-8AC1-9AC2506E3F25}.Release|Any CPU.Build.0 = Release|Any CPU
		{E2118038-9107-446C-97C9-F12C1A7E712D}.Debug|Any CPU.ActiveCfg = Debug|Any CPU
		{E2118038-9107-446C-97C9-F12C1A7E712D}.Debug|Any CPU.Build.0 = Debug|Any CPU
		{E2118038-9107-446C-97C9-F12C1A7E712D}.Release|Any CPU.ActiveCfg = Release|Any CPU
		{E2118038-9107-446C-97C9-F12C1A7E712D}.Release|Any CPU.Build.0 = Release|Any CPU
		{75C43176-BD06-4A87-A40D-80B891DA33B5}.Debug|Any CPU.ActiveCfg = Debug|Any CPU
		{75C43176-BD06-4A87-A40D-80B891DA33B5}.Debug|Any CPU.Build.0 = Debug|Any CPU
		{75C43176-BD06-4A87-A40D-80B891DA33B5}.Release|Any CPU.ActiveCfg = Release|Any CPU
		{75C43176-BD06-4A87-A40D-80B891DA33B5}.Release|Any CPU.Build.0 = Release|Any CPU
		{424588B0-F30B-4C97-A0F3-89FBE65C6F87}.Debug|Any CPU.ActiveCfg = Debug|Any CPU
		{424588B0-F30B-4C97-A0F3-89FBE65C6F87}.Debug|Any CPU.Build.0 = Debug|Any CPU
		{424588B0-F30B-4C97-A0F3-89FBE65C6F87}.Debug|Any CPU.Deploy.0 = Debug|Any CPU
		{424588B0-F30B-4C97-A0F3-89FBE65C6F87}.Release|Any CPU.ActiveCfg = Release|Any CPU
		{424588B0-F30B-4C97-A0F3-89FBE65C6F87}.Release|Any CPU.Build.0 = Release|Any CPU
		{424588B0-F30B-4C97-A0F3-89FBE65C6F87}.Release|Any CPU.Deploy.0 = Release|Any CPU
		{79E9F7F8-5C9E-4FF9-A463-FC7652375081}.Debug|Any CPU.ActiveCfg = Debug|Any CPU
		{79E9F7F8-5C9E-4FF9-A463-FC7652375081}.Debug|Any CPU.Build.0 = Debug|Any CPU
		{79E9F7F8-5C9E-4FF9-A463-FC7652375081}.Release|Any CPU.ActiveCfg = Release|Any CPU
		{79E9F7F8-5C9E-4FF9-A463-FC7652375081}.Release|Any CPU.Build.0 = Release|Any CPU
		{6EA4DF75-22F8-498C-BD65-7237C0E2CCDE}.Debug|Any CPU.ActiveCfg = Debug|Any CPU
		{6EA4DF75-22F8-498C-BD65-7237C0E2CCDE}.Debug|Any CPU.Build.0 = Debug|Any CPU
		{6EA4DF75-22F8-498C-BD65-7237C0E2CCDE}.Release|Any CPU.ActiveCfg = Release|Any CPU
		{6EA4DF75-22F8-498C-BD65-7237C0E2CCDE}.Release|Any CPU.Build.0 = Release|Any CPU
		{70DF89D3-D1EE-491B-8501-20C7CCE6490A}.Debug|Any CPU.ActiveCfg = Debug|Any CPU
		{70DF89D3-D1EE-491B-8501-20C7CCE6490A}.Debug|Any CPU.Build.0 = Debug|Any CPU
		{70DF89D3-D1EE-491B-8501-20C7CCE6490A}.Release|Any CPU.ActiveCfg = Release|Any CPU
		{70DF89D3-D1EE-491B-8501-20C7CCE6490A}.Release|Any CPU.Build.0 = Release|Any CPU
	EndGlobalSection
	GlobalSection(SolutionProperties) = preSolution
		HideSolutionNode = FALSE
	EndGlobalSection
EndGlobal
